
Microsoft Visual Studio Solution File, Format Version 12.00
# Visual Studio 15
VisualStudioVersion = 15.0.27004.2009
MinimumVisualStudioVersion = 10.0.40219.1
Project("{9A19103F-16F7-4668-BE54-9A1E7A4F7556}") = "CqrsDDDWithMediatR", "src\CqrsDDDWithMediatR\CqrsDDDWithMediatR.csproj", "{FF18A9D6-9B55-483F-A3D0-2558AE6E9309}"
EndProject
Project("{9A19103F-16F7-4668-BE54-9A1E7A4F7556}") = "CqrsDDDWithMediatR.Domain", "src\CqrsDDDWithMediatR.Domain\CqrsDDDWithMediatR.Domain.csproj", "{AC8337BE-A69F-42B2-BDB0-A14DB62BFE9C}"
EndProject
Project("{9A19103F-16F7-4668-BE54-9A1E7A4F7556}") = "CqrsDDDWithMediatR.Infra.Data.Context", "src\CqrsDDDWithMediatR.Infra.Data.Context\CqrsDDDWithMediatR.Infra.Data.Context.csproj", "{705997C0-328C-4AF7-9972-9989DFD61BA8}"
EndProject
Project("{9A19103F-16F7-4668-BE54-9A1E7A4F7556}") = "CqrsDDDWithMediatR.Infra.Data.Repository", "src\CqrsDDDWithMediatR.Infra.Data.Repository\CqrsDDDWithMediatR.Infra.Data.Repository.csproj", "{B85081B5-87CB-4095-A390-63334F101B24}"
EndProject
Project("{9A19103F-16F7-4668-BE54-9A1E7A4F7556}") = "CqrsDDDWithMediatR.Infra.CrossCutting.Util", "src\CqrsDDDWithMediatR.Infra.CrossCutting.Util\CqrsDDDWithMediatR.Infra.CrossCutting.Util.csproj", "{6FCA4402-FBFC-4A06-BD4E-A0C2D4ED3180}"
EndProject
Project("{2150E333-8FDC-42A3-9474-1A3956D46DE8}") = "1 - API", "1 - API", "{06EA4551-7125-4F11-ABDE-EE4FB38A199C}"
EndProject
Project("{2150E333-8FDC-42A3-9474-1A3956D46DE8}") = "3 - Domain", "3 - Domain", "{BF5D8591-5665-42BF-A76C-6D30DCBEC7D0}"
EndProject
Project("{2150E333-8FDC-42A3-9474-1A3956D46DE8}") = "4 - Infrastructure", "4 - Infrastructure", "{02AF5060-B654-4B82-AE48-41505202BAB9}"
EndProject
Project("{2150E333-8FDC-42A3-9474-1A3956D46DE8}") = "4.1 - Data", "4.1 - Data", "{1191A1AC-180D-4328-B9A7-BE8F75940979}"
EndProject
Project("{2150E333-8FDC-42A3-9474-1A3956D46DE8}") = "4.2 - CrossCutting", "4.2 - CrossCutting", "{852FD726-BC96-47FF-A46B-6F3FA3B122F9}"
EndProject
Project("{2150E333-8FDC-42A3-9474-1A3956D46DE8}") = "2 - Application", "2 - Application", "{DF8C2E8D-E4F0-41D8-B816-7B3C0A0B98E8}"
EndProject
Global
	GlobalSection(SolutionConfigurationPlatforms) = preSolution
		Debug|Any CPU = Debug|Any CPU
		Release|Any CPU = Release|Any CPU
	EndGlobalSection
	GlobalSection(ProjectConfigurationPlatforms) = postSolution
		{FF18A9D6-9B55-483F-A3D0-2558AE6E9309}.Debug|Any CPU.ActiveCfg = Debug|Any CPU
		{FF18A9D6-9B55-483F-A3D0-2558AE6E9309}.Debug|Any CPU.Build.0 = Debug|Any CPU
		{FF18A9D6-9B55-483F-A3D0-2558AE6E9309}.Release|Any CPU.ActiveCfg = Release|Any CPU
		{FF18A9D6-9B55-483F-A3D0-2558AE6E9309}.Release|Any CPU.Build.0 = Release|Any CPU
		{AC8337BE-A69F-42B2-BDB0-A14DB62BFE9C}.Debug|Any CPU.ActiveCfg = Debug|Any CPU
		{AC8337BE-A69F-42B2-BDB0-A14DB62BFE9C}.Debug|Any CPU.Build.0 = Debug|Any CPU
		{AC8337BE-A69F-42B2-BDB0-A14DB62BFE9C}.Release|Any CPU.ActiveCfg = Release|Any CPU
		{AC8337BE-A69F-42B2-BDB0-A14DB62BFE9C}.Release|Any CPU.Build.0 = Release|Any CPU
		{705997C0-328C-4AF7-9972-9989DFD61BA8}.Debug|Any CPU.ActiveCfg = Debug|Any CPU
		{705997C0-328C-4AF7-9972-9989DFD61BA8}.Debug|Any CPU.Build.0 = Debug|Any CPU
		{705997C0-328C-4AF7-9972-9989DFD61BA8}.Release|Any CPU.ActiveCfg = Release|Any CPU
		{705997C0-328C-4AF7-9972-9989DFD61BA8}.Release|Any CPU.Build.0 = Release|Any CPU
		{B85081B5-87CB-4095-A390-63334F101B24}.Debug|Any CPU.ActiveCfg = Debug|Any CPU
		{B85081B5-87CB-4095-A390-63334F101B24}.Debug|Any CPU.Build.0 = Debug|Any CPU
		{B85081B5-87CB-4095-A390-63334F101B24}.Release|Any CPU.ActiveCfg = Release|Any CPU
		{B85081B5-87CB-4095-A390-63334F101B24}.Release|Any CPU.Build.0 = Release|Any CPU
		{6FCA4402-FBFC-4A06-BD4E-A0C2D4ED3180}.Debug|Any CPU.ActiveCfg = Debug|Any CPU
		{6FCA4402-FBFC-4A06-BD4E-A0C2D4ED3180}.Debug|Any CPU.Build.0 = Debug|Any CPU
		{6FCA4402-FBFC-4A06-BD4E-A0C2D4ED3180}.Release|Any CPU.ActiveCfg = Release|Any CPU
		{6FCA4402-FBFC-4A06-BD4E-A0C2D4ED3180}.Release|Any CPU.Build.0 = Release|Any CPU
	EndGlobalSection
	GlobalSection(SolutionProperties) = preSolution
		HideSolutionNode = FALSE
	EndGlobalSection
	GlobalSection(NestedProjects) = preSolution
		{FF18A9D6-9B55-483F-A3D0-2558AE6E9309} = {06EA4551-7125-4F11-ABDE-EE4FB38A199C}
		{AC8337BE-A69F-42B2-BDB0-A14DB62BFE9C} = {BF5D8591-5665-42BF-A76C-6D30DCBEC7D0}
		{705997C0-328C-4AF7-9972-9989DFD61BA8} = {1191A1AC-180D-4328-B9A7-BE8F75940979}
		{B85081B5-87CB-4095-A390-63334F101B24} = {1191A1AC-180D-4328-B9A7-BE8F75940979}
		{6FCA4402-FBFC-4A06-BD4E-A0C2D4ED3180} = {852FD726-BC96-47FF-A46B-6F3FA3B122F9}
		{1191A1AC-180D-4328-B9A7-BE8F75940979} = {02AF5060-B654-4B82-AE48-41505202BAB9}
		{852FD726-BC96-47FF-A46B-6F3FA3B122F9} = {02AF5060-B654-4B82-AE48-41505202BAB9}
	EndGlobalSection
	GlobalSection(ExtensibilityGlobals) = postSolution
		SolutionGuid = {E91AC399-6232-4DFD-8C47-CA59122D69DC}
	EndGlobalSection
EndGlobal
